github.com/davecgh/go-spew v1.1.0/go.mod h1:J7Y8YcW2NihsgmVo/mv3lAwl/skON4iLHjSsI+c5H38=
github.com/gobuffalo/buffalo v0.11.1 h1:SfHnPTrqZujLjLcoKKH1G/e26zAXNecBNji86EYES88=
github.com/gobuffalo/buffalo v0.11.1/go.mod h1:7QwMJn1yAZ9karZ3PFJS3fl99uOLiK3WvMxsvceOJlg=
github.com/gobuffalo/envy v1.6.2 h1:CtoetUCis0/A5B2T8guMVs0KIWFsffKZDnbqNkpNI2M=
github.com/gobuffalo/envy v1.6.2/go.mod h1:gOxUQY+OEwqH1a2m25Sqax1GIhj31tPNOIdFzj8QThs=
github.com/gobuffalo/makr v1.1.0/go.mod h1:FV+DDOUmp4NuWyuM4RrUfpodZyw63wu4DsgDfNH2a2Q=
github.com/gobuffalo/packr v1.11.1/go.mod h1:rYwMLC6NXbAbkKb+9j3NTKbxSswkKLlelZYccr4HYVw=
github.com/joho/godotenv v1.2.0/go.mod h1:7hK45KPybAkOC6peb+G5yklZfMxEjkZhHbwpqxOKXbg=
github.com/markbates/inflect v0.0.0-20180514174915-dd7de90c06bc/go.mod h1:oTeZL2KHA7CUX6X+fovmK9OvIOFuqu0TwdQrZjLTh88=
github.com/pkg/errors v0.8.0/go.mod h1:bwawxfHBFNV+L2hUp1rHADufV3IMtnDRdf1r5NINEl0=
github.com/pmezard/go-difflib v1.0.0/go.mod h1:iKH77koFhYxTK1pcRnkKkqfTogsbg7gZNVY4sRDYZ/4=
github.com/sirupsen/logrus v1.0.5/go.mod h1:pMByvHTf9Beacp5x1UXfOR9xyW/9antXMhjMPG0dEzc=
github.com/spf13/cobra v0.0.3 h1:ZlrZ4XsMRm04Fr5pSFxBgfND2EBVa1nLpiy1stUsX/8=
github.com/spf13/cobra v0.0.3/go.mod h1:1l0Ry5zgKvJasoi3XT1TypsSe7PqH0Sj9dhYf7v3XqQ=
github.com/spf13/pflag v1.0.1 h1:aCvUg6QPl3ibpQUxyLkrEkCHtPqYJL4x9AuhqVqFis4=
github.com/spf13/pflag v1.0.1/go.mod h1:DYY7MBk1bdzusC3SYhjObp+wFpr4gzcvqqNjLnInEg4=
github.com/stretchr/testify v1.2.2/go.mod h1:a8OnRcib4nhh0OaRAV+Yts87kKdq0PP7pXfy6kDkUVs=
golang.org/x/crypto v0.0.0-20180608092829-8ac0e0d97ce4 h1:wviDUSmtheHRBfoY8B9U8ELl2USoXi2YFwdGdpIIkzI=
golang.org/x/crypto v0.0.0-20180608092829-8ac0e0d97ce4/go.mod h1:6SG95UA2DQfeDnfUPMdvaQW0Q7yPrPDi9nlGo2tz2b4=
golang.org/x/net v0.0.0-20180530234432-1e491301e022 h1:MVYFTUmVD3/+ERcvRRI+P/C2+WOUimXh+Pd8LVsklZ4=
golang.org/x/net v0.0.0-20180530234432-1e491301e022/go.mod h1:mL1N/T3taQHkDXs73rZJwtUhF3w3ftmwwsq0BUmARs4=
golang.org/x/sync v0.0.0-20180314180146-1d60e4601c6f/go.mod h1:RxMgew5VJxzue5/jJTE5uejpjVlOe/izrB70Jof72aM=
golang.org/x/sys v0.0.0-20180606202747-9527bec2660b h1:5rOiLYVqtE+JehJPVJTXQJaP8aT3cpJC1Iy22+5WLFU=
golang.org/x/sys v0.0.0-20180606202747-9527bec2660b/go.mod h1:STP8DvDyc/dI5b8T5hshtkjS+E42TnysNCUPdjciGhY=
